<?xml version="1.0" encoding="utf-8"?>
<Project ToolsVersion="4.0" xmlns="http://schemas.microsoft.com/developer/msbuild/2003">
  <ItemGroup>
    <Filter Include="源文件">
      <UniqueIdentifier>{4FC737F1-C7A5-4376-A066-2A32D752A2FF}</UniqueIdentifier>
      <Extensions>cpp;c;cc;cxx;def;odl;idl;hpj;bat;asm;asmx</Extensions>
    </Filter>
    <Filter Include="头文件">
      <UniqueIdentifier>{93995380-89BD-4b04-88EB-625FBE52EBFB}</UniqueIdentifier>
      <Extensions>h;hh;hpp;hxx;hm;inl;inc;xsd</Extensions>
    </Filter>
    <Filter Include="资源文件">
      <UniqueIdentifier>{67DA6AB6-F800-4c08-8B7A-83BB121AAD01}</UniqueIdentifier>
      <Extensions>rc;ico;cur;bmp;dlg;rc2;rct;bin;rgs;gif;jpg;jpeg;jpe;resx;tiff;tif;png;wav;mfcribbon-ms</Extensions>
    </Filter>
  </ItemGroup>
  <ItemGroup>
    <Text Include="ReadMe.txt" />
  </ItemGroup>
  <ItemGroup>
    <ClInclude Include="HyperLPR.h">
      <Filter>头文件</Filter>
    </ClInclude>
    <ClInclude Include="HyperLPRDlg.h">
      <Filter>头文件</Filter>
    </ClInclude>
    <ClInclude Include="stdafx.h">
      <Filter>头文件</Filter>
    </ClInclude>
    <ClInclude Include="targetver.h">
      <Filter>头文件</Filter>
    </ClInclude>
    <ClInclude Include="Resource.h">
      <Filter>头文件</Filter>
    </ClInclude>
    <ClInclude Include="CNNRecognizer.h">
      <Filter>头文件</Filter>
    </ClInclude>
    <ClInclude Include="FastDeskew.h">
      <Filter>头文件</Filter>
    </ClInclude>
    <ClInclude Include="FineMapping.h">
      <Filter>头文件</Filter>
    </ClInclude>
    <ClInclude Include="niBlackThreshold.h">
      <Filter>头文件</Filter>
    </ClInclude>
    <ClInclude Include="Pipeline.h">
      <Filter>头文件</Filter>
    </ClInclude>
    <ClInclude Include="PlateDetection.h">
      <Filter>头文件</Filter>
    </ClInclude>
    <ClInclude Include="PlateInfo.h">
      <Filter>头文件</Filter>
    </ClInclude>
    <ClInclude Include="PlateSegmentation.h">
      <Filter>头文件</Filter>
    </ClInclude>
    <ClInclude Include="Recognizer.h">
      <Filter>头文件</Filter>
    </ClInclude>
    <ClInclude Include="util.h">
      <Filter>头文件</Filter>
    </ClInclude>
    <ClInclude Include="CvvImage.h">
      <Filter>头文件</Filter>
    </ClInclude>
    <ClInclude Include="puttext.h">
      <Filter>头文件</Filter>
    </ClInclude>
  </ItemGroup>
  <ItemGroup>
    <ClCompile Include="HyperLPR.cpp">
      <Filter>源文件</Filter>
    </ClCompile>
    <ClCompile Include="HyperLPRDlg.cpp">
      <Filter>源文件</Filter>
    </ClCompile>
    <ClCompile Include="stdafx.cpp">
      <Filter>源文件</Filter>
    </ClCompile>
    <ClCompile Include="CNNRecognizer.cpp">
      <Filter>源文件</Filter>
    </ClCompile>
    <ClCompile Include="FastDeskew.cpp">
      <Filter>源文件</Filter>
    </ClCompile>
    <ClCompile Include="FineMapping.cpp">
      <Filter>源文件</Filter>
    </ClCompile>
    <ClCompile Include="PlateDetection.cpp">
      <Filter>源文件</Filter>
    </ClCompile>
    <ClCompile Include="PlateSegmentation.cpp">
      <Filter>源文件</Filter>
    </ClCompile>
    <ClCompile Include="Recognizer.cpp">
      <Filter>源文件</Filter>
    </ClCompile>
    <ClCompile Include="CvvImage.cpp">
      <Filter>源文件</Filter>
    </ClCompile>
    <ClCompile Include="puttext.cpp">
      <Filter>源文件</Filter>
    </ClCompile>
  </ItemGroup>
  <ItemGroup>
    <ResourceCompile Include="HyperLPR.rc">
      <Filter>资源文件</Filter>
    </ResourceCompile>
  </ItemGroup>
  <ItemGroup>
    <None Include="res\HyperLPR.rc2">
      <Filter>资源文件</Filter>
    </None>
  </ItemGroup>
  <ItemGroup>
    <Image Include="res\HyperLPR.ico">
      <Filter>资源文件</Filter>
    </Image>
    <Image Include="res\g11.ico">
      <Filter>资源文件</Filter>
    </Image>
  </ItemGroup>
</Project>